
Microsoft Visual Studio Solution File, Format Version 12.00
# Visual Studio Version 16
VisualStudioVersion = 16.0.30011.22
MinimumVisualStudioVersion = 10.0.40219.1
Project("{9A19103F-16F7-4668-BE54-9A1E7A4F7556}") = "LambdaAPI", "LambdaAPI\LambdaAPI.csproj", "{EEC1DE94-E8E7-4B50-920C-BBE9E5477351}"
EndProject
Global
	GlobalSection(SolutionConfigurationPlatforms) = preSolution
		Debug|Any CPU = Debug|Any CPU
		Release|Any CPU = Release|Any CPU
	EndGlobalSection
	GlobalSection(ProjectConfigurationPlatforms) = postSolution
		{EEC1DE94-E8E7-4B50-920C-BBE9E5477351}.Debug|Any CPU.ActiveCfg = Debug|Any CPU
		{EEC1DE94-E8E7-4B50-920C-BBE9E5477351}.Debug|Any CPU.Build.0 = Debug|Any CPU
		{EEC1DE94-E8E7-4B50-920C-BBE9E5477351}.Release|Any CPU.ActiveCfg = Release|Any CPU
		{EEC1DE94-E8E7-4B50-920C-BBE9E5477351}.Release|Any CPU.Build.0 = Release|Any CPU
	EndGlobalSection
	GlobalSection(SolutionProperties) = preSolution
		HideSolutionNode = FALSE
	EndGlobalSection
	GlobalSection(ExtensibilityGlobals) = postSolution
		SolutionGuid = {411B53CB-FF46-4EFC-9C1C-A67CE70BE2AE}
	EndGlobalSection
EndGlobal
